
Microsoft Visual Studio Solution File, Format Version 12.00
# Visual Studio Version 17
VisualStudioVersion = 17.2.32602.215
MinimumVisualStudioVersion = 10.0.40219.1
Project("{9A19103F-16F7-4668-BE54-9A1E7A4F7556}") = "Palink.WPF.Controls", "Palink.WPF.Controls\Palink.WPF.Controls.csproj", "{516456F1-6444-4D4D-BB56-80DA238BC7D2}"
EndProject
Project("{9A19103F-16F7-4668-BE54-9A1E7A4F7556}") = "Sample", "Sample\Sample.csproj", "{23129191-6E08-4B13-AB57-D517580F1C98}"
EndProject
Global
	GlobalSection(SolutionConfigurationPlatforms) = preSolution
		Debug|Any CPU = Debug|Any CPU
		Release|Any CPU = Release|Any CPU
	EndGlobalSection
	GlobalSection(ProjectConfigurationPlatforms) = postSolution
		{516456F1-6444-4D4D-BB56-80DA238BC7D2}.Debug|Any CPU.ActiveCfg = Debug|Any CPU
		{516456F1-6444-4D4D-BB56-80DA238BC7D2}.Debug|Any CPU.Build.0 = Debug|Any CPU
		{516456F1-6444-4D4D-BB56-80DA238BC7D2}.Release|Any CPU.ActiveCfg = Release|Any CPU
		{516456F1-6444-4D4D-BB56-80DA238BC7D2}.Release|Any CPU.Build.0 = Release|Any CPU
		{23129191-6E08-4B13-AB57-D517580F1C98}.Debug|Any CPU.ActiveCfg = Debug|Any CPU
		{23129191-6E08-4B13-AB57-D517580F1C98}.Debug|Any CPU.Build.0 = Debug|Any CPU
		{23129191-6E08-4B13-AB57-D517580F1C98}.Release|Any CPU.ActiveCfg = Release|Any CPU
		{23129191-6E08-4B13-AB57-D517580F1C98}.Release|Any CPU.Build.0 = Release|Any CPU
	EndGlobalSection
	GlobalSection(SolutionProperties) = preSolution
		HideSolutionNode = FALSE
	EndGlobalSection
	GlobalSection(ExtensibilityGlobals) = postSolution
		SolutionGuid = {DE897257-AC5D-4E6F-BB6F-137E9B5280B3}
	EndGlobalSection
EndGlobal
